{
  "name": "nomen",
  "version": "0.1.0",
  "lockfileVersion": 3,
  "requires": true,
  "packages": {
    "": {
      "name": "nomen",
      "version": "0.1.0",
      "license": "MIT",
      "dependencies": {
        "@gluwa/asc-contracts": "0.2.1",
        "@openzeppelin/contracts": "5.4.0"
      }
    },
    "node_modules/@gluwa/asc-contracts": {
      "version": "0.2.1",
      "resolved": "https://registry.npmjs.org/@gluwa/asc-contracts/-/asc-contracts-0.2.1.tgz",
      "integrity": "sha512-3/zVx8ElFewTB0Xy06xJ/uPYfvFI1usOe/ilxoM5SNT9Cf47ML/YW41Pq00NttxuOPLkh8HnRlPgD1n66ritLA==",
      "license": "MIT",
      "dependencies": {
        "@openzeppelin/contracts": "5.1.0"
      }
    },
    "node_modules/@gluwa/asc-contracts/node_modules/@openzeppelin/contracts": {
      "version": "5.1.0",
      "resolved": "https://registry.npmjs.org/@openzeppelin/contracts/-/contracts-5.1.0.tgz",
      "integrity": "sha512-p1ULhl7BXzjjbha5aqst+QMLY+4/LCWADXOCsmLHRM77AqiPjnd9vvUN9sosUfhL9JGKpZ0TjEGxgvnizmWGSA==",
      "license": "MIT"
    },
    "node_modules/@openzeppelin/contracts": {
      "version": "5.4.0",
      "resolved": "https://registry.npmjs.org/@openzeppelin/contracts/-/contracts-5.4.0.tgz",
      "integrity": "sha512-eCYgWnLg6WO+X52I16TZt8uEjbtdkgLC0SUX/xnAksjjrQI4Xfn4iBRoI5j55dmlOhDv1Y7BoR3cU7e3WWhC6A==",
      "license": "MIT"
    }
  }
}
